
Microsoft Visual Studio Solution File, Format Version 12.00
# Visual Studio 2013
VisualStudioVersion = 12.0.30723.0
MinimumVisualStudioVersion = 10.0.40219.1
Project("{FAE04EC0-301F-11D3-BF4B-00C04F79EFBC}") = "02. CompareArrays", "02. CompareArrays\02. CompareArrays.csproj", "{750C78F7-BA69-497F-8479-FBA667FEC881}"
EndProject
Project("{FAE04EC0-301F-11D3-BF4B-00C04F79EFBC}") = "03. CompareCharArrays", "03. CompareCharArrays\03. CompareCharArrays.csproj", "{DF9D5B1D-0633-49F0-BA2C-D08D77623979}"
EndProject
Project("{FAE04EC0-301F-11D3-BF4B-00C04F79EFBC}") = "04. MaximalSequence", "04. MaximalSequence\04. MaximalSequence.csproj", "{4C2E606D-53D2-43A1-8805-1D5AC395AFAC}"
EndProject
Project("{FAE04EC0-301F-11D3-BF4B-00C04F79EFBC}") = "01. AllocateArray", "01. AllocateArray\01. AllocateArray.csproj", "{F3DAE851-8109-4923-B811-16E3F078C908}"
EndProject
Project("{FAE04EC0-301F-11D3-BF4B-00C04F79EFBC}") = "05. MaximalIncreasingSequence", "05. MaximalIncreasingSequence\05. MaximalIncreasingSequence.csproj", "{2CE4BF0F-6E43-4A30-9C4B-32E473751355}"
EndProject
Project("{FAE04EC0-301F-11D3-BF4B-00C04F79EFBC}") = "06. Maximal'K'Sum", "06. Maximal'K'Sum\06. Maximal'K'Sum.csproj", "{8AC9601E-60D0-40B4-A523-3546F4697A99}"
EndProject
Project("{FAE04EC0-301F-11D3-BF4B-00C04F79EFBC}") = "07. SelectionSort", "07. SelectionSort\07. SelectionSort.csproj", "{B46CCCDC-0586-473D-8C47-ECE17D9CC53F}"
EndProject
Project("{FAE04EC0-301F-11D3-BF4B-00C04F79EFBC}") = "08. MaximalSum", "08. MaximalSum\08. MaximalSum.csproj", "{8664D183-3554-4F3E-9CC0-E11D0C65727B}"
EndProject
Project("{FAE04EC0-301F-11D3-BF4B-00C04F79EFBC}") = "09. FrequentNumber", "09. FrequentNumber\09. FrequentNumber.csproj", "{D664947D-139B-439D-9A87-CBD71BD3F7F1}"
EndProject
Project("{FAE04EC0-301F-11D3-BF4B-00C04F79EFBC}") = "10. FindSumInArray", "10. FindSumInArray\10. FindSumInArray.csproj", "{5A27CF22-E164-480F-8583-B27BBC2B1045}"
EndProject
Project("{FAE04EC0-301F-11D3-BF4B-00C04F79EFBC}") = "11. BinarySearch", "11. BinarySearch\11. BinarySearch.csproj", "{8865BE23-2816-409C-AF1F-58EE50E1AD7A}"
EndProject
Project("{FAE04EC0-301F-11D3-BF4B-00C04F79EFBC}") = "12. IndexOfLetters", "12. IndexOfLetters\12. IndexOfLetters.csproj", "{D3FCD158-B664-435F-ADCD-A6DFCD7686AC}"
EndProject
Project("{FAE04EC0-301F-11D3-BF4B-00C04F79EFBC}") = "14. QuickSort", "14. QuickSort\14. QuickSort.csproj", "{B758C836-6B27-4329-A567-FAAB9AC7E703}"
EndProject
Project("{FAE04EC0-301F-11D3-BF4B-00C04F79EFBC}") = "13. MergeSort", "13. MergeSort\13. MergeSort.csproj", "{848D54A7-E264-4C7D-981D-9E2655D3D7BF}"
EndProject
Project("{FAE04EC0-301F-11D3-BF4B-00C04F79EFBC}") = "15. PrimeNumbers", "15. PrimeNumbers\15. PrimeNumbers.csproj", "{39420E69-94AF-44C3-A987-A5037AA3E67D}"
EndProject
Project("{FAE04EC0-301F-11D3-BF4B-00C04F79EFBC}") = "16. SubsetWithSumS", "16. SubsetWithSumS\16. SubsetWithSumS.csproj", "{D4F76808-D0A2-459B-BDCD-AA9B7354CB39}"
EndProject
Project("{FAE04EC0-301F-11D3-BF4B-00C04F79EFBC}") = "17. SubsetKwithSumS", "17. SubsetKwithSumS\17. SubsetKwithSumS.csproj", "{D2399932-5A9F-4695-A8E9-1E4F574547E0}"
EndProject
Project("{FAE04EC0-301F-11D3-BF4B-00C04F79EFBC}") = "18. RemoveElementsFromArray", "18. RemoveElementsFromArray\18. RemoveElementsFromArray.csproj", "{6E00F7DB-3114-495E-9A48-2A2610B51784}"
EndProject
Global
	GlobalSection(SolutionConfigurationPlatforms) = preSolution
		Debug|Any CPU = Debug|Any CPU
		Release|Any CPU = Release|Any CPU
	EndGlobalSection
	GlobalSection(ProjectConfigurationPlatforms) = postSolution
		{750C78F7-BA69-497F-8479-FBA667FEC881}.Debug|Any CPU.ActiveCfg = Debug|Any CPU
		{750C78F7-BA69-497F-8479-FBA667FEC881}.Debug|Any CPU.Build.0 = Debug|Any CPU
		{750C78F7-BA69-497F-8479-FBA667FEC881}.Release|Any CPU.ActiveCfg = Release|Any CPU
		{750C78F7-BA69-497F-8479-FBA667FEC881}.Release|Any CPU.Build.0 = Release|Any CPU
		{DF9D5B1D-0633-49F0-BA2C-D08D77623979}.Debug|Any CPU.ActiveCfg = Debug|Any CPU
		{DF9D5B1D-0633-49F0-BA2C-D08D77623979}.Debug|Any CPU.Build.0 = Debug|Any CPU
		{DF9D5B1D-0633-49F0-BA2C-D08D77623979}.Release|Any CPU.ActiveCfg = Release|Any CPU
		{DF9D5B1D-0633-49F0-BA2C-D08D77623979}.Release|Any CPU.Build.0 = Release|Any CPU
		{4C2E606D-53D2-43A1-8805-1D5AC395AFAC}.Debug|Any CPU.ActiveCfg = Debug|Any CPU
		{4C2E606D-53D2-43A1-8805-1D5AC395AFAC}.Debug|Any CPU.Build.0 = Debug|Any CPU
		{4C2E606D-53D2-43A1-8805-1D5AC395AFAC}.Release|Any CPU.ActiveCfg = Release|Any CPU
		{4C2E606D-53D2-43A1-8805-1D5AC395AFAC}.Release|Any CPU.Build.0 = Release|Any CPU
		{F3DAE851-8109-4923-B811-16E3F078C908}.Debug|Any CPU.ActiveCfg = Debug|Any CPU
		{F3DAE851-8109-4923-B811-16E3F078C908}.Debug|Any CPU.Build.0 = Debug|Any CPU
		{F3DAE851-8109-4923-B811-16E3F078C908}.Release|Any CPU.ActiveCfg = Release|Any CPU
		{F3DAE851-8109-4923-B811-16E3F078C908}.Release|Any CPU.Build.0 = Release|Any CPU
		{2CE4BF0F-6E43-4A30-9C4B-32E473751355}.Debug|Any CPU.ActiveCfg = Debug|Any CPU
		{2CE4BF0F-6E43-4A30-9C4B-32E473751355}.Debug|Any CPU.Build.0 = Debug|Any CPU
		{2CE4BF0F-6E43-4A30-9C4B-32E473751355}.Release|Any CPU.ActiveCfg = Release|Any CPU
		{2CE4BF0F-6E43-4A30-9C4B-32E473751355}.Release|Any CPU.Build.0 = Release|Any CPU
		{8AC9601E-60D0-40B4-A523-3546F4697A99}.Debug|Any CPU.ActiveCfg = Debug|Any CPU
		{8AC9601E-60D0-40B4-A523-3546F4697A99}.Debug|Any CPU.Build.0 = Debug|Any CPU
		{8AC9601E-60D0-40B4-A523-3546F4697A99}.Release|Any CPU.ActiveCfg = Release|Any CPU
		{8AC9601E-60D0-40B4-A523-3546F4697A99}.Release|Any CPU.Build.0 = Release|Any CPU
		{B46CCCDC-0586-473D-8C47-ECE17D9CC53F}.Debug|Any CPU.ActiveCfg = Debug|Any CPU
		{B46CCCDC-0586-473D-8C47-ECE17D9CC53F}.Debug|Any CPU.Build.0 = Debug|Any CPU
		{B46CCCDC-0586-473D-8C47-ECE17D9CC53F}.Release|Any CPU.ActiveCfg = Release|Any CPU
		{B46CCCDC-0586-473D-8C47-ECE17D9CC53F}.Release|Any CPU.Build.0 = Release|Any CPU
		{8664D183-3554-4F3E-9CC0-E11D0C65727B}.Debug|Any CPU.ActiveCfg = Debug|Any CPU
		{8664D183-3554-4F3E-9CC0-E11D0C65727B}.Debug|Any CPU.Build.0 = Debug|Any CPU
		{8664D183-3554-4F3E-9CC0-E11D0C65727B}.Release|Any CPU.ActiveCfg = Release|Any CPU
		{8664D183-3554-4F3E-9CC0-E11D0C65727B}.Release|Any CPU.Build.0 = Release|Any CPU
		{D664947D-139B-439D-9A87-CBD71BD3F7F1}.Debug|Any CPU.ActiveCfg = Debug|Any CPU
		{D664947D-139B-439D-9A87-CBD71BD3F7F1}.Debug|Any CPU.Build.0 = Debug|Any CPU
		{D664947D-139B-439D-9A87-CBD71BD3F7F1}.Release|Any CPU.ActiveCfg = Release|Any CPU
		{D664947D-139B-439D-9A87-CBD71BD3F7F1}.Release|Any CPU.Build.0 = Release|Any CPU
		{5A27CF22-E164-480F-8583-B27BBC2B1045}.Debug|Any CPU.ActiveCfg = Debug|Any CPU
		{5A27CF22-E164-480F-8583-B27BBC2B1045}.Debug|Any CPU.Build.0 = Debug|Any CPU
		{5A27CF22-E164-480F-8583-B27BBC2B1045}.Release|Any CPU.ActiveCfg = Release|Any CPU
		{5A27CF22-E164-480F-8583-B27BBC2B1045}.Release|Any CPU.Build.0 = Release|Any CPU
		{8865BE23-2816-409C-AF1F-58EE50E1AD7A}.Debug|Any CPU.ActiveCfg = Debug|Any CPU
		{8865BE23-2816-409C-AF1F-58EE50E1AD7A}.Debug|Any CPU.Build.0 = Debug|Any CPU
		{8865BE23-2816-409C-AF1F-58EE50E1AD7A}.Release|Any CPU.ActiveCfg = Release|Any CPU
		{8865BE23-2816-409C-AF1F-58EE50E1AD7A}.Release|Any CPU.Build.0 = Release|Any CPU
		{D3FCD158-B664-435F-ADCD-A6DFCD7686AC}.Debug|Any CPU.ActiveCfg = Debug|Any CPU
		{D3FCD158-B664-435F-ADCD-A6DFCD7686AC}.Debug|Any CPU.Build.0 = Debug|Any CPU
		{D3FCD158-B664-435F-ADCD-A6DFCD7686AC}.Release|Any CPU.ActiveCfg = Release|Any CPU
		{D3FCD158-B664-435F-ADCD-A6DFCD7686AC}.Release|Any CPU.Build.0 = Release|Any CPU
		{B758C836-6B27-4329-A567-FAAB9AC7E703}.Debug|Any CPU.ActiveCfg = Debug|Any CPU
		{B758C836-6B27-4329-A567-FAAB9AC7E703}.Debug|Any CPU.Build.0 = Debug|Any CPU
		{B758C836-6B27-4329-A567-FAAB9AC7E703}.Release|Any CPU.ActiveCfg = Release|Any CPU
		{B758C836-6B27-4329-A567-FAAB9AC7E703}.Release|Any CPU.Build.0 = Release|Any CPU
		{848D54A7-E264-4C7D-981D-9E2655D3D7BF}.Debug|Any CPU.ActiveCfg = Debug|Any CPU
		{848D54A7-E264-4C7D-981D-9E2655D3D7BF}.Debug|Any CPU.Build.0 = Debug|Any CPU
		{848D54A7-E264-4C7D-981D-9E2655D3D7BF}.Release|Any CPU.ActiveCfg = Release|Any CPU
		{848D54A7-E264-4C7D-981D-9E2655D3D7BF}.Release|Any CPU.Build.0 = Release|Any CPU
		{39420E69-94AF-44C3-A987-A5037AA3E67D}.Debug|Any CPU.ActiveCfg = Debug|Any CPU
		{39420E69-94AF-44C3-A987-A5037AA3E67D}.Debug|Any CPU.Build.0 = Debug|Any CPU
		{39420E69-94AF-44C3-A987-A5037AA3E67D}.Release|Any CPU.ActiveCfg = Release|Any CPU
		{39420E69-94AF-44C3-A987-A5037AA3E67D}.Release|Any CPU.Build.0 = Release|Any CPU
		{D4F76808-D0A2-459B-BDCD-AA9B7354CB39}.Debug|Any CPU.ActiveCfg = Debug|Any CPU
		{D4F76808-D0A2-459B-BDCD-AA9B7354CB39}.Debug|Any CPU.Build.0 = Debug|Any CPU
		{D4F76808-D0A2-459B-BDCD-AA9B7354CB39}.Release|Any CPU.ActiveCfg = Release|Any CPU
		{D4F76808-D0A2-459B-BDCD-AA9B7354CB39}.Release|Any CPU.Build.0 = Release|Any CPU
		{D2399932-5A9F-4695-A8E9-1E4F574547E0}.Debug|Any CPU.ActiveCfg = Debug|Any CPU
		{D2399932-5A9F-4695-A8E9-1E4F574547E0}.Debug|Any CPU.Build.0 = Debug|Any CPU
		{D2399932-5A9F-4695-A8E9-1E4F574547E0}.Release|Any CPU.ActiveCfg = Release|Any CPU
		{D2399932-5A9F-4695-A8E9-1E4F574547E0}.Release|Any CPU.Build.0 = Release|Any CPU
		{6E00F7DB-3114-495E-9A48-2A2610B51784}.Debug|Any CPU.ActiveCfg = Debug|Any CPU
		{6E00F7DB-3114-495E-9A48-2A2610B51784}.Debug|Any CPU.Build.0 = Debug|Any CPU
		{6E00F7DB-3114-495E-9A48-2A2610B51784}.Release|Any CPU.ActiveCfg = Release|Any CPU
		{6E00F7DB-3114-495E-9A48-2A2610B51784}.Release|Any CPU.Build.0 = Release|Any CPU
	EndGlobalSection
	GlobalSection(SolutionProperties) = preSolution
		HideSolutionNode = FALSE
	EndGlobalSection
EndGlobal
