
Microsoft Visual Studio Solution File, Format Version 12.00
# Visual Studio 2013
VisualStudioVersion = 12.0.30723.0
MinimumVisualStudioVersion = 10.0.40219.1
Project("{FAE04EC0-301F-11D3-BF4B-00C04F79EFBC}") = "1. AllocateArray", "1. AllocateArray\1. AllocateArray.csproj", "{8BBC2B70-91FF-45C4-A062-7D1DCD2E4C6E}"
EndProject
Global
	GlobalSection(SolutionConfigurationPlatforms) = preSolution
		Debug|Any CPU = Debug|Any CPU
		Release|Any CPU = Release|Any CPU
	EndGlobalSection
	GlobalSection(ProjectConfigurationPlatforms) = postSolution
		{8BBC2B70-91FF-45C4-A062-7D1DCD2E4C6E}.Debug|Any CPU.ActiveCfg = Debug|Any CPU
		{8BBC2B70-91FF-45C4-A062-7D1DCD2E4C6E}.Debug|Any CPU.Build.0 = Debug|Any CPU
		{8BBC2B70-91FF-45C4-A062-7D1DCD2E4C6E}.Release|Any CPU.ActiveCfg = Release|Any CPU
		{8BBC2B70-91FF-45C4-A062-7D1DCD2E4C6E}.Release|Any CPU.Build.0 = Release|Any CPU
	EndGlobalSection
	GlobalSection(SolutionProperties) = preSolution
		HideSolutionNode = FALSE
	EndGlobalSection
EndGlobal
