
Microsoft Visual Studio Solution File, Format Version 12.00
# Visual Studio 2013
VisualStudioVersion = 12.0.30723.0
MinimumVisualStudioVersion = 10.0.40219.1
Project("{FAE04EC0-301F-11D3-BF4B-00C04F79EFBC}") = "02. CompareArrays", "02. CompareArrays\02. CompareArrays.csproj", "{750C78F7-BA69-497F-8479-FBA667FEC881}"
EndProject
Project("{FAE04EC0-301F-11D3-BF4B-00C04F79EFBC}") = "03. CompareCharArrays", "03. CompareCharArrays\03. CompareCharArrays.csproj", "{DF9D5B1D-0633-49F0-BA2C-D08D77623979}"
EndProject
Project("{FAE04EC0-301F-11D3-BF4B-00C04F79EFBC}") = "04. MaximalSequence", "04. MaximalSequence\04. MaximalSequence.csproj", "{4C2E606D-53D2-43A1-8805-1D5AC395AFAC}"
EndProject
Project("{FAE04EC0-301F-11D3-BF4B-00C04F79EFBC}") = "01. AllocateArray", "01. AllocateArray\01. AllocateArray.csproj", "{F3DAE851-8109-4923-B811-16E3F078C908}"
EndProject
Project("{FAE04EC0-301F-11D3-BF4B-00C04F79EFBC}") = "05. MaximalIncreasingSequence", "05. MaximalIncreasingSequence\05. MaximalIncreasingSequence.csproj", "{2CE4BF0F-6E43-4A30-9C4B-32E473751355}"
EndProject
Project("{FAE04EC0-301F-11D3-BF4B-00C04F79EFBC}") = "06. Maximal'K'Sum", "06. Maximal'K'Sum\06. Maximal'K'Sum.csproj", "{8AC9601E-60D0-40B4-A523-3546F4697A99}"
EndProject
Project("{FAE04EC0-301F-11D3-BF4B-00C04F79EFBC}") = "07. SelectionSort", "07. SelectionSort\07. SelectionSort.csproj", "{B46CCCDC-0586-473D-8C47-ECE17D9CC53F}"
EndProject
Project("{FAE04EC0-301F-11D3-BF4B-00C04F79EFBC}") = "08. MaximalSum", "08. MaximalSum\08. MaximalSum.csproj", "{8664D183-3554-4F3E-9CC0-E11D0C65727B}"
EndProject
Project("{FAE04EC0-301F-11D3-BF4B-00C04F79EFBC}") = "09. FrequentNumber", "09. FrequentNumber\09. FrequentNumber.csproj", "{D664947D-139B-439D-9A87-CBD71BD3F7F1}"
EndProject
Global
	GlobalSection(SolutionConfigurationPlatforms) = preSolution
		Debug|Any CPU = Debug|Any CPU
		Release|Any CPU = Release|Any CPU
	EndGlobalSection
	GlobalSection(ProjectConfigurationPlatforms) = postSolution
		{750C78F7-BA69-497F-8479-FBA667FEC881}.Debug|Any CPU.ActiveCfg = Debug|Any CPU
		{750C78F7-BA69-497F-8479-FBA667FEC881}.Debug|Any CPU.Build.0 = Debug|Any CPU
		{750C78F7-BA69-497F-8479-FBA667FEC881}.Release|Any CPU.ActiveCfg = Release|Any CPU
		{750C78F7-BA69-497F-8479-FBA667FEC881}.Release|Any CPU.Build.0 = Release|Any CPU
		{DF9D5B1D-0633-49F0-BA2C-D08D77623979}.Debug|Any CPU.ActiveCfg = Debug|Any CPU
		{DF9D5B1D-0633-49F0-BA2C-D08D77623979}.Debug|Any CPU.Build.0 = Debug|Any CPU
		{DF9D5B1D-0633-49F0-BA2C-D08D77623979}.Release|Any CPU.ActiveCfg = Release|Any CPU
		{DF9D5B1D-0633-49F0-BA2C-D08D77623979}.Release|Any CPU.Build.0 = Release|Any CPU
		{4C2E606D-53D2-43A1-8805-1D5AC395AFAC}.Debug|Any CPU.ActiveCfg = Debug|Any CPU
		{4C2E606D-53D2-43A1-8805-1D5AC395AFAC}.Debug|Any CPU.Build.0 = Debug|Any CPU
		{4C2E606D-53D2-43A1-8805-1D5AC395AFAC}.Release|Any CPU.ActiveCfg = Release|Any CPU
		{4C2E606D-53D2-43A1-8805-1D5AC395AFAC}.Release|Any CPU.Build.0 = Release|Any CPU
		{F3DAE851-8109-4923-B811-16E3F078C908}.Debug|Any CPU.ActiveCfg = Debug|Any CPU
		{F3DAE851-8109-4923-B811-16E3F078C908}.Debug|Any CPU.Build.0 = Debug|Any CPU
		{F3DAE851-8109-4923-B811-16E3F078C908}.Release|Any CPU.ActiveCfg = Release|Any CPU
		{F3DAE851-8109-4923-B811-16E3F078C908}.Release|Any CPU.Build.0 = Release|Any CPU
		{2CE4BF0F-6E43-4A30-9C4B-32E473751355}.Debug|Any CPU.ActiveCfg = Debug|Any CPU
		{2CE4BF0F-6E43-4A30-9C4B-32E473751355}.Debug|Any CPU.Build.0 = Debug|Any CPU
		{2CE4BF0F-6E43-4A30-9C4B-32E473751355}.Release|Any CPU.ActiveCfg = Release|Any CPU
		{2CE4BF0F-6E43-4A30-9C4B-32E473751355}.Release|Any CPU.Build.0 = Release|Any CPU
		{8AC9601E-60D0-40B4-A523-3546F4697A99}.Debug|Any CPU.ActiveCfg = Debug|Any CPU
		{8AC9601E-60D0-40B4-A523-3546F4697A99}.Debug|Any CPU.Build.0 = Debug|Any CPU
		{8AC9601E-60D0-40B4-A523-3546F4697A99}.Release|Any CPU.ActiveCfg = Release|Any CPU
		{8AC9601E-60D0-40B4-A523-3546F4697A99}.Release|Any CPU.Build.0 = Release|Any CPU
		{B46CCCDC-0586-473D-8C47-ECE17D9CC53F}.Debug|Any CPU.ActiveCfg = Debug|Any CPU
		{B46CCCDC-0586-473D-8C47-ECE17D9CC53F}.Debug|Any CPU.Build.0 = Debug|Any CPU
		{B46CCCDC-0586-473D-8C47-ECE17D9CC53F}.Release|Any CPU.ActiveCfg = Release|Any CPU
		{B46CCCDC-0586-473D-8C47-ECE17D9CC53F}.Release|Any CPU.Build.0 = Release|Any CPU
		{8664D183-3554-4F3E-9CC0-E11D0C65727B}.Debug|Any CPU.ActiveCfg = Debug|Any CPU
		{8664D183-3554-4F3E-9CC0-E11D0C65727B}.Debug|Any CPU.Build.0 = Debug|Any CPU
		{8664D183-3554-4F3E-9CC0-E11D0C65727B}.Release|Any CPU.ActiveCfg = Release|Any CPU
		{8664D183-3554-4F3E-9CC0-E11D0C65727B}.Release|Any CPU.Build.0 = Release|Any CPU
		{D664947D-139B-439D-9A87-CBD71BD3F7F1}.Debug|Any CPU.ActiveCfg = Debug|Any CPU
		{D664947D-139B-439D-9A87-CBD71BD3F7F1}.Debug|Any CPU.Build.0 = Debug|Any CPU
		{D664947D-139B-439D-9A87-CBD71BD3F7F1}.Release|Any CPU.ActiveCfg = Release|Any CPU
		{D664947D-139B-439D-9A87-CBD71BD3F7F1}.Release|Any CPU.Build.0 = Release|Any CPU
	EndGlobalSection
	GlobalSection(SolutionProperties) = preSolution
		HideSolutionNode = FALSE
	EndGlobalSection
EndGlobal
