
Microsoft Visual Studio Solution File, Format Version 12.00
# Visual Studio 2013
VisualStudioVersion = 12.0.30723.0
MinimumVisualStudioVersion = 10.0.40219.1
Project("{FAE04EC0-301F-11D3-BF4B-00C04F79EFBC}") = "01. Sum3Numbers", "01. Sum3Numbers\01. Sum3Numbers.csproj", "{A5ABDE09-225E-4D72-8779-381659D3DBE9}"
EndProject
Project("{FAE04EC0-301F-11D3-BF4B-00C04F79EFBC}") = "02. PrintCompanyInfo", "02. PrintCompanyInfo\02. PrintCompanyInfo.csproj", "{64C3355C-23EA-460F-A70B-133FBEBE2D63}"
EndProject
Project("{FAE04EC0-301F-11D3-BF4B-00C04F79EFBC}") = "03. CirclePerimeterArea", "03. CirclePerimeterArea\03. CirclePerimeterArea.csproj", "{9FC83EAD-F6A2-4439-8611-28CDCF67672B}"
EndProject
Project("{FAE04EC0-301F-11D3-BF4B-00C04F79EFBC}") = "04. NumberComparer", "04. NumberComparer\04. NumberComparer.csproj", "{AA19D3AB-27DA-4DDE-AC62-FB7AB209F1DC}"
EndProject
Project("{FAE04EC0-301F-11D3-BF4B-00C04F79EFBC}") = "05. FormattingNumbers", "05. FormattingNumbers\05. FormattingNumbers.csproj", "{05F75AED-3F04-4F28-BA43-092887779D52}"
EndProject
Project("{FAE04EC0-301F-11D3-BF4B-00C04F79EFBC}") = "06. QuadraticEquation", "06. QuadraticEquation\06. QuadraticEquation.csproj", "{E3D8DADC-D047-4506-B0B8-44E8F1073C21}"
EndProject
Project("{FAE04EC0-301F-11D3-BF4B-00C04F79EFBC}") = "07. SumFiveNumbers", "07. SumFiveNumbers\07. SumFiveNumbers.csproj", "{ABBDF0CA-3246-4376-9D5A-9384AA350190}"
EndProject
Project("{FAE04EC0-301F-11D3-BF4B-00C04F79EFBC}") = "08. NumbersFrom1ToN", "08. NumbersFrom1ToN\08. NumbersFrom1ToN.csproj", "{BDE4058B-6964-4811-9828-33336DE97834}"
EndProject
Global
	GlobalSection(SolutionConfigurationPlatforms) = preSolution
		Debug|Any CPU = Debug|Any CPU
		Release|Any CPU = Release|Any CPU
	EndGlobalSection
	GlobalSection(ProjectConfigurationPlatforms) = postSolution
		{A5ABDE09-225E-4D72-8779-381659D3DBE9}.Debug|Any CPU.ActiveCfg = Debug|Any CPU
		{A5ABDE09-225E-4D72-8779-381659D3DBE9}.Debug|Any CPU.Build.0 = Debug|Any CPU
		{A5ABDE09-225E-4D72-8779-381659D3DBE9}.Release|Any CPU.ActiveCfg = Release|Any CPU
		{A5ABDE09-225E-4D72-8779-381659D3DBE9}.Release|Any CPU.Build.0 = Release|Any CPU
		{64C3355C-23EA-460F-A70B-133FBEBE2D63}.Debug|Any CPU.ActiveCfg = Debug|Any CPU
		{64C3355C-23EA-460F-A70B-133FBEBE2D63}.Debug|Any CPU.Build.0 = Debug|Any CPU
		{64C3355C-23EA-460F-A70B-133FBEBE2D63}.Release|Any CPU.ActiveCfg = Release|Any CPU
		{64C3355C-23EA-460F-A70B-133FBEBE2D63}.Release|Any CPU.Build.0 = Release|Any CPU
		{9FC83EAD-F6A2-4439-8611-28CDCF67672B}.Debug|Any CPU.ActiveCfg = Debug|Any CPU
		{9FC83EAD-F6A2-4439-8611-28CDCF67672B}.Debug|Any CPU.Build.0 = Debug|Any CPU
		{9FC83EAD-F6A2-4439-8611-28CDCF67672B}.Release|Any CPU.ActiveCfg = Release|Any CPU
		{9FC83EAD-F6A2-4439-8611-28CDCF67672B}.Release|Any CPU.Build.0 = Release|Any CPU
		{AA19D3AB-27DA-4DDE-AC62-FB7AB209F1DC}.Debug|Any CPU.ActiveCfg = Debug|Any CPU
		{AA19D3AB-27DA-4DDE-AC62-FB7AB209F1DC}.Debug|Any CPU.Build.0 = Debug|Any CPU
		{AA19D3AB-27DA-4DDE-AC62-FB7AB209F1DC}.Release|Any CPU.ActiveCfg = Release|Any CPU
		{AA19D3AB-27DA-4DDE-AC62-FB7AB209F1DC}.Release|Any CPU.Build.0 = Release|Any CPU
		{05F75AED-3F04-4F28-BA43-092887779D52}.Debug|Any CPU.ActiveCfg = Debug|Any CPU
		{05F75AED-3F04-4F28-BA43-092887779D52}.Debug|Any CPU.Build.0 = Debug|Any CPU
		{05F75AED-3F04-4F28-BA43-092887779D52}.Release|Any CPU.ActiveCfg = Release|Any CPU
		{05F75AED-3F04-4F28-BA43-092887779D52}.Release|Any CPU.Build.0 = Release|Any CPU
		{E3D8DADC-D047-4506-B0B8-44E8F1073C21}.Debug|Any CPU.ActiveCfg = Debug|Any CPU
		{E3D8DADC-D047-4506-B0B8-44E8F1073C21}.Debug|Any CPU.Build.0 = Debug|Any CPU
		{E3D8DADC-D047-4506-B0B8-44E8F1073C21}.Release|Any CPU.ActiveCfg = Release|Any CPU
		{E3D8DADC-D047-4506-B0B8-44E8F1073C21}.Release|Any CPU.Build.0 = Release|Any CPU
		{ABBDF0CA-3246-4376-9D5A-9384AA350190}.Debug|Any CPU.ActiveCfg = Debug|Any CPU
		{ABBDF0CA-3246-4376-9D5A-9384AA350190}.Debug|Any CPU.Build.0 = Debug|Any CPU
		{ABBDF0CA-3246-4376-9D5A-9384AA350190}.Release|Any CPU.ActiveCfg = Release|Any CPU
		{ABBDF0CA-3246-4376-9D5A-9384AA350190}.Release|Any CPU.Build.0 = Release|Any CPU
		{BDE4058B-6964-4811-9828-33336DE97834}.Debug|Any CPU.ActiveCfg = Debug|Any CPU
		{BDE4058B-6964-4811-9828-33336DE97834}.Debug|Any CPU.Build.0 = Debug|Any CPU
		{BDE4058B-6964-4811-9828-33336DE97834}.Release|Any CPU.ActiveCfg = Release|Any CPU
		{BDE4058B-6964-4811-9828-33336DE97834}.Release|Any CPU.Build.0 = Release|Any CPU
	EndGlobalSection
	GlobalSection(SolutionProperties) = preSolution
		HideSolutionNode = FALSE
	EndGlobalSection
EndGlobal
