
Microsoft Visual Studio Solution File, Format Version 12.00
# Visual Studio 2013
VisualStudioVersion = 12.0.30723.0
MinimumVisualStudioVersion = 10.0.40219.1
Project("{FAE04EC0-301F-11D3-BF4B-00C04F79EFBC}") = "01. OddOrEvenIntegers", "01. OddOrEvenIntegers\01. OddOrEvenIntegers.csproj", "{2B77EDD2-B9A8-4A43-843C-FE146B46162C}"
EndProject
Project("{FAE04EC0-301F-11D3-BF4B-00C04F79EFBC}") = "02. GravitationOnTheMoon", "02. GravitationOnTheMoon\02. GravitationOnTheMoon.csproj", "{73EA4F6E-3A8B-46F8-BDEE-14E96AAACD9E}"
EndProject
Project("{FAE04EC0-301F-11D3-BF4B-00C04F79EFBC}") = "03. DivideBy7And5", "03. DivideBy7And5\03. DivideBy7And5.csproj", "{EE55FE1E-0A7F-403B-90F6-5A79F1E2B531}"
EndProject
Project("{FAE04EC0-301F-11D3-BF4B-00C04F79EFBC}") = "04. RectanglePerimeterArea", "04. RectanglePerimeterArea\04. RectanglePerimeterArea.csproj", "{45963CC1-1BCF-43BC-B8BA-D34D91F5E4A6}"
EndProject
Project("{FAE04EC0-301F-11D3-BF4B-00C04F79EFBC}") = "05. ThirdDigit7", "05. ThirdDigit7\05. ThirdDigit7.csproj", "{4174AD9C-532B-4FBD-8C20-D1DA971337B6}"
EndProject
Project("{FAE04EC0-301F-11D3-BF4B-00C04F79EFBC}") = "06. FourDigitNumber", "06. FourDigitNumber\06. FourDigitNumber.csproj", "{5AFF3607-6B57-4460-A8DC-7297CB9E3702}"
EndProject
Project("{FAE04EC0-301F-11D3-BF4B-00C04F79EFBC}") = "07. PointInCircle", "07. PointInCircle\07. PointInCircle.csproj", "{46E30E06-D546-4CBB-9822-9A30BF0A18D1}"
EndProject
Project("{FAE04EC0-301F-11D3-BF4B-00C04F79EFBC}") = "08. PrimeNumberCheck", "08. PrimeNumberCheck\08. PrimeNumberCheck.csproj", "{FA5ED00D-1698-4389-B97F-066D63F10B07}"
EndProject
Project("{FAE04EC0-301F-11D3-BF4B-00C04F79EFBC}") = "09. Trapezoids", "09. Trapezoids\09. Trapezoids.csproj", "{977E861B-F755-4399-BC0F-3D94B777E064}"
EndProject
Project("{FAE04EC0-301F-11D3-BF4B-00C04F79EFBC}") = "10. PointCircleRectangle", "10. PointCircleRectangle\10. PointCircleRectangle.csproj", "{A1E381E7-02BA-4F4E-A5C5-89BA69024988}"
EndProject
Project("{FAE04EC0-301F-11D3-BF4B-00C04F79EFBC}") = "11. ExtractThirdBit", "11. ExtractThirdBit\11. ExtractThirdBit.csproj", "{F79F458B-FA76-4AAA-AD5D-3F5820B7BE0B}"
EndProject
Project("{FAE04EC0-301F-11D3-BF4B-00C04F79EFBC}") = "12. ExtractBit", "12. ExtractBit\12. ExtractBit.csproj", "{05A69BE6-0888-48E3-8A36-1D1EE85D20DD}"
EndProject
Project("{FAE04EC0-301F-11D3-BF4B-00C04F79EFBC}") = "13. CheckBit", "13. CheckBit\13. CheckBit.csproj", "{90747165-CF4C-4FD8-BC28-24D06AC1A421}"
EndProject
Project("{FAE04EC0-301F-11D3-BF4B-00C04F79EFBC}") = "14. ModifyBit", "14. ModifyBit\14. ModifyBit.csproj", "{B3D8DF04-2E7D-495D-B242-623D0E1EF473}"
EndProject
Global
	GlobalSection(SolutionConfigurationPlatforms) = preSolution
		Debug|Any CPU = Debug|Any CPU
		Release|Any CPU = Release|Any CPU
	EndGlobalSection
	GlobalSection(ProjectConfigurationPlatforms) = postSolution
		{2B77EDD2-B9A8-4A43-843C-FE146B46162C}.Debug|Any CPU.ActiveCfg = Debug|Any CPU
		{2B77EDD2-B9A8-4A43-843C-FE146B46162C}.Debug|Any CPU.Build.0 = Debug|Any CPU
		{2B77EDD2-B9A8-4A43-843C-FE146B46162C}.Release|Any CPU.ActiveCfg = Release|Any CPU
		{2B77EDD2-B9A8-4A43-843C-FE146B46162C}.Release|Any CPU.Build.0 = Release|Any CPU
		{73EA4F6E-3A8B-46F8-BDEE-14E96AAACD9E}.Debug|Any CPU.ActiveCfg = Debug|Any CPU
		{73EA4F6E-3A8B-46F8-BDEE-14E96AAACD9E}.Debug|Any CPU.Build.0 = Debug|Any CPU
		{73EA4F6E-3A8B-46F8-BDEE-14E96AAACD9E}.Release|Any CPU.ActiveCfg = Release|Any CPU
		{73EA4F6E-3A8B-46F8-BDEE-14E96AAACD9E}.Release|Any CPU.Build.0 = Release|Any CPU
		{EE55FE1E-0A7F-403B-90F6-5A79F1E2B531}.Debug|Any CPU.ActiveCfg = Debug|Any CPU
		{EE55FE1E-0A7F-403B-90F6-5A79F1E2B531}.Debug|Any CPU.Build.0 = Debug|Any CPU
		{EE55FE1E-0A7F-403B-90F6-5A79F1E2B531}.Release|Any CPU.ActiveCfg = Release|Any CPU
		{EE55FE1E-0A7F-403B-90F6-5A79F1E2B531}.Release|Any CPU.Build.0 = Release|Any CPU
		{45963CC1-1BCF-43BC-B8BA-D34D91F5E4A6}.Debug|Any CPU.ActiveCfg = Debug|Any CPU
		{45963CC1-1BCF-43BC-B8BA-D34D91F5E4A6}.Debug|Any CPU.Build.0 = Debug|Any CPU
		{45963CC1-1BCF-43BC-B8BA-D34D91F5E4A6}.Release|Any CPU.ActiveCfg = Release|Any CPU
		{45963CC1-1BCF-43BC-B8BA-D34D91F5E4A6}.Release|Any CPU.Build.0 = Release|Any CPU
		{4174AD9C-532B-4FBD-8C20-D1DA971337B6}.Debug|Any CPU.ActiveCfg = Debug|Any CPU
		{4174AD9C-532B-4FBD-8C20-D1DA971337B6}.Debug|Any CPU.Build.0 = Debug|Any CPU
		{4174AD9C-532B-4FBD-8C20-D1DA971337B6}.Release|Any CPU.ActiveCfg = Release|Any CPU
		{4174AD9C-532B-4FBD-8C20-D1DA971337B6}.Release|Any CPU.Build.0 = Release|Any CPU
		{5AFF3607-6B57-4460-A8DC-7297CB9E3702}.Debug|Any CPU.ActiveCfg = Debug|Any CPU
		{5AFF3607-6B57-4460-A8DC-7297CB9E3702}.Debug|Any CPU.Build.0 = Debug|Any CPU
		{5AFF3607-6B57-4460-A8DC-7297CB9E3702}.Release|Any CPU.ActiveCfg = Release|Any CPU
		{5AFF3607-6B57-4460-A8DC-7297CB9E3702}.Release|Any CPU.Build.0 = Release|Any CPU
		{46E30E06-D546-4CBB-9822-9A30BF0A18D1}.Debug|Any CPU.ActiveCfg = Debug|Any CPU
		{46E30E06-D546-4CBB-9822-9A30BF0A18D1}.Debug|Any CPU.Build.0 = Debug|Any CPU
		{46E30E06-D546-4CBB-9822-9A30BF0A18D1}.Release|Any CPU.ActiveCfg = Release|Any CPU
		{46E30E06-D546-4CBB-9822-9A30BF0A18D1}.Release|Any CPU.Build.0 = Release|Any CPU
		{FA5ED00D-1698-4389-B97F-066D63F10B07}.Debug|Any CPU.ActiveCfg = Debug|Any CPU
		{FA5ED00D-1698-4389-B97F-066D63F10B07}.Debug|Any CPU.Build.0 = Debug|Any CPU
		{FA5ED00D-1698-4389-B97F-066D63F10B07}.Release|Any CPU.ActiveCfg = Release|Any CPU
		{FA5ED00D-1698-4389-B97F-066D63F10B07}.Release|Any CPU.Build.0 = Release|Any CPU
		{977E861B-F755-4399-BC0F-3D94B777E064}.Debug|Any CPU.ActiveCfg = Debug|Any CPU
		{977E861B-F755-4399-BC0F-3D94B777E064}.Debug|Any CPU.Build.0 = Debug|Any CPU
		{977E861B-F755-4399-BC0F-3D94B777E064}.Release|Any CPU.ActiveCfg = Release|Any CPU
		{977E861B-F755-4399-BC0F-3D94B777E064}.Release|Any CPU.Build.0 = Release|Any CPU
		{A1E381E7-02BA-4F4E-A5C5-89BA69024988}.Debug|Any CPU.ActiveCfg = Debug|Any CPU
		{A1E381E7-02BA-4F4E-A5C5-89BA69024988}.Debug|Any CPU.Build.0 = Debug|Any CPU
		{A1E381E7-02BA-4F4E-A5C5-89BA69024988}.Release|Any CPU.ActiveCfg = Release|Any CPU
		{A1E381E7-02BA-4F4E-A5C5-89BA69024988}.Release|Any CPU.Build.0 = Release|Any CPU
		{F79F458B-FA76-4AAA-AD5D-3F5820B7BE0B}.Debug|Any CPU.ActiveCfg = Debug|Any CPU
		{F79F458B-FA76-4AAA-AD5D-3F5820B7BE0B}.Debug|Any CPU.Build.0 = Debug|Any CPU
		{F79F458B-FA76-4AAA-AD5D-3F5820B7BE0B}.Release|Any CPU.ActiveCfg = Release|Any CPU
		{F79F458B-FA76-4AAA-AD5D-3F5820B7BE0B}.Release|Any CPU.Build.0 = Release|Any CPU
		{05A69BE6-0888-48E3-8A36-1D1EE85D20DD}.Debug|Any CPU.ActiveCfg = Debug|Any CPU
		{05A69BE6-0888-48E3-8A36-1D1EE85D20DD}.Debug|Any CPU.Build.0 = Debug|Any CPU
		{05A69BE6-0888-48E3-8A36-1D1EE85D20DD}.Release|Any CPU.ActiveCfg = Release|Any CPU
		{05A69BE6-0888-48E3-8A36-1D1EE85D20DD}.Release|Any CPU.Build.0 = Release|Any CPU
		{90747165-CF4C-4FD8-BC28-24D06AC1A421}.Debug|Any CPU.ActiveCfg = Debug|Any CPU
		{90747165-CF4C-4FD8-BC28-24D06AC1A421}.Debug|Any CPU.Build.0 = Debug|Any CPU
		{90747165-CF4C-4FD8-BC28-24D06AC1A421}.Release|Any CPU.ActiveCfg = Release|Any CPU
		{90747165-CF4C-4FD8-BC28-24D06AC1A421}.Release|Any CPU.Build.0 = Release|Any CPU
		{B3D8DF04-2E7D-495D-B242-623D0E1EF473}.Debug|Any CPU.ActiveCfg = Debug|Any CPU
		{B3D8DF04-2E7D-495D-B242-623D0E1EF473}.Debug|Any CPU.Build.0 = Debug|Any CPU
		{B3D8DF04-2E7D-495D-B242-623D0E1EF473}.Release|Any CPU.ActiveCfg = Release|Any CPU
		{B3D8DF04-2E7D-495D-B242-623D0E1EF473}.Release|Any CPU.Build.0 = Release|Any CPU
	EndGlobalSection
	GlobalSection(SolutionProperties) = preSolution
		HideSolutionNode = FALSE
	EndGlobalSection
EndGlobal
