
Microsoft Visual Studio Solution File, Format Version 12.00
# Visual Studio 2013
VisualStudioVersion = 12.0.30723.0
MinimumVisualStudioVersion = 10.0.40219.1
Project("{FAE04EC0-301F-11D3-BF4B-00C04F79EFBC}") = "1. EnigmaCat", "1. EnigmaCat\1. EnigmaCat.csproj", "{EEB5BD84-F057-404E-A97D-FB78A2323823}"
EndProject
Project("{FAE04EC0-301F-11D3-BF4B-00C04F79EFBC}") = "2. DecreasingAbsoluteDifferences", "2. DecreasingAbsoluteDifferences\2. DecreasingAbsoluteDifferences.csproj", "{3BE8FE6A-A1B7-40AD-9C36-DED269C27F15}"
EndProject
Project("{FAE04EC0-301F-11D3-BF4B-00C04F79EFBC}") = "3. LoverOf2", "3. LoverOf2\3. LoverOf2.csproj", "{4F754E70-9FE7-493B-885C-A51C987DE038}"
EndProject
Global
	GlobalSection(SolutionConfigurationPlatforms) = preSolution
		Debug|Any CPU = Debug|Any CPU
		Release|Any CPU = Release|Any CPU
	EndGlobalSection
	GlobalSection(ProjectConfigurationPlatforms) = postSolution
		{EEB5BD84-F057-404E-A97D-FB78A2323823}.Debug|Any CPU.ActiveCfg = Debug|Any CPU
		{EEB5BD84-F057-404E-A97D-FB78A2323823}.Debug|Any CPU.Build.0 = Debug|Any CPU
		{EEB5BD84-F057-404E-A97D-FB78A2323823}.Release|Any CPU.ActiveCfg = Release|Any CPU
		{EEB5BD84-F057-404E-A97D-FB78A2323823}.Release|Any CPU.Build.0 = Release|Any CPU
		{3BE8FE6A-A1B7-40AD-9C36-DED269C27F15}.Debug|Any CPU.ActiveCfg = Debug|Any CPU
		{3BE8FE6A-A1B7-40AD-9C36-DED269C27F15}.Debug|Any CPU.Build.0 = Debug|Any CPU
		{3BE8FE6A-A1B7-40AD-9C36-DED269C27F15}.Release|Any CPU.ActiveCfg = Release|Any CPU
		{3BE8FE6A-A1B7-40AD-9C36-DED269C27F15}.Release|Any CPU.Build.0 = Release|Any CPU
		{4F754E70-9FE7-493B-885C-A51C987DE038}.Debug|Any CPU.ActiveCfg = Debug|Any CPU
		{4F754E70-9FE7-493B-885C-A51C987DE038}.Debug|Any CPU.Build.0 = Debug|Any CPU
		{4F754E70-9FE7-493B-885C-A51C987DE038}.Release|Any CPU.ActiveCfg = Release|Any CPU
		{4F754E70-9FE7-493B-885C-A51C987DE038}.Release|Any CPU.Build.0 = Release|Any CPU
	EndGlobalSection
	GlobalSection(SolutionProperties) = preSolution
		HideSolutionNode = FALSE
	EndGlobalSection
EndGlobal
