
Microsoft Visual Studio Solution File, Format Version 12.00
# Visual Studio 2013
VisualStudioVersion = 12.0.30723.0
MinimumVisualStudioVersion = 10.0.40219.1
Project("{FAE04EC0-301F-11D3-BF4B-00C04F79EFBC}") = "01. FillTheMatrix", "01. FillTheMatrix\01. FillTheMatrix.csproj", "{CC09E540-7F65-4146-92F5-81733DC4A862}"
EndProject
Project("{FAE04EC0-301F-11D3-BF4B-00C04F79EFBC}") = "02. MaximalSum", "02. MaximalSum\02. MaximalSum.csproj", "{BD76016E-BA23-4A3A-85D6-092CDA7B3085}"
EndProject
Project("{FAE04EC0-301F-11D3-BF4B-00C04F79EFBC}") = "03. SequenceNmatrix", "03. SequenceNmatrix\03. SequenceNmatrix.csproj", "{305D95B4-B477-47DA-A87F-B3841F2D2452}"
EndProject
Project("{FAE04EC0-301F-11D3-BF4B-00C04F79EFBC}") = "04. BinarySearch", "04. BinarySearch\04. BinarySearch.csproj", "{4B665F89-055A-4E13-8400-8B914CC7EF31}"
EndProject
Project("{FAE04EC0-301F-11D3-BF4B-00C04F79EFBC}") = "05. SortByStringLength", "05. SortByStringLength\05. SortByStringLength.csproj", "{86220EB9-EDEF-40C2-9456-F30B99D65503}"
EndProject
Global
	GlobalSection(SolutionConfigurationPlatforms) = preSolution
		Debug|Any CPU = Debug|Any CPU
		Release|Any CPU = Release|Any CPU
	EndGlobalSection
	GlobalSection(ProjectConfigurationPlatforms) = postSolution
		{CC09E540-7F65-4146-92F5-81733DC4A862}.Debug|Any CPU.ActiveCfg = Debug|Any CPU
		{CC09E540-7F65-4146-92F5-81733DC4A862}.Debug|Any CPU.Build.0 = Debug|Any CPU
		{CC09E540-7F65-4146-92F5-81733DC4A862}.Release|Any CPU.ActiveCfg = Release|Any CPU
		{CC09E540-7F65-4146-92F5-81733DC4A862}.Release|Any CPU.Build.0 = Release|Any CPU
		{BD76016E-BA23-4A3A-85D6-092CDA7B3085}.Debug|Any CPU.ActiveCfg = Debug|Any CPU
		{BD76016E-BA23-4A3A-85D6-092CDA7B3085}.Debug|Any CPU.Build.0 = Debug|Any CPU
		{BD76016E-BA23-4A3A-85D6-092CDA7B3085}.Release|Any CPU.ActiveCfg = Release|Any CPU
		{BD76016E-BA23-4A3A-85D6-092CDA7B3085}.Release|Any CPU.Build.0 = Release|Any CPU
		{305D95B4-B477-47DA-A87F-B3841F2D2452}.Debug|Any CPU.ActiveCfg = Debug|Any CPU
		{305D95B4-B477-47DA-A87F-B3841F2D2452}.Debug|Any CPU.Build.0 = Debug|Any CPU
		{305D95B4-B477-47DA-A87F-B3841F2D2452}.Release|Any CPU.ActiveCfg = Release|Any CPU
		{305D95B4-B477-47DA-A87F-B3841F2D2452}.Release|Any CPU.Build.0 = Release|Any CPU
		{4B665F89-055A-4E13-8400-8B914CC7EF31}.Debug|Any CPU.ActiveCfg = Debug|Any CPU
		{4B665F89-055A-4E13-8400-8B914CC7EF31}.Debug|Any CPU.Build.0 = Debug|Any CPU
		{4B665F89-055A-4E13-8400-8B914CC7EF31}.Release|Any CPU.ActiveCfg = Release|Any CPU
		{4B665F89-055A-4E13-8400-8B914CC7EF31}.Release|Any CPU.Build.0 = Release|Any CPU
		{86220EB9-EDEF-40C2-9456-F30B99D65503}.Debug|Any CPU.ActiveCfg = Debug|Any CPU
		{86220EB9-EDEF-40C2-9456-F30B99D65503}.Debug|Any CPU.Build.0 = Debug|Any CPU
		{86220EB9-EDEF-40C2-9456-F30B99D65503}.Release|Any CPU.ActiveCfg = Release|Any CPU
		{86220EB9-EDEF-40C2-9456-F30B99D65503}.Release|Any CPU.Build.0 = Release|Any CPU
	EndGlobalSection
	GlobalSection(SolutionProperties) = preSolution
		HideSolutionNode = FALSE
	EndGlobalSection
EndGlobal
