
Microsoft Visual Studio Solution File, Format Version 12.00
# Visual Studio 2013
VisualStudioVersion = 12.0.30723.0
MinimumVisualStudioVersion = 10.0.40219.1
Project("{FAE04EC0-301F-11D3-BF4B-00C04F79EFBC}") = "04. HelloCSharp", "04. HelloCSharp\04. HelloCSharp.csproj", "{60A5708B-BF5F-4987-8196-B60CA7125A61}"
EndProject
Project("{FAE04EC0-301F-11D3-BF4B-00C04F79EFBC}") = "05. PrintMyName", "05. PrintMyName\05. PrintMyName.csproj", "{37C6B237-F3F0-431A-8B44-EBA71E6014C3}"
EndProject
Project("{FAE04EC0-301F-11D3-BF4B-00C04F79EFBC}") = "06. PrintNumbers", "06. PrintNumbers\06. PrintNumbers.csproj", "{AA044C13-3FA3-4F92-927A-490E9FF3810F}"
EndProject
Project("{FAE04EC0-301F-11D3-BF4B-00C04F79EFBC}") = "07. PrintFirstLastName", "07. PrintFirstLastName\07. PrintFirstLastName.csproj", "{3D81042A-0DAF-4969-BC3C-B1E9848A7277}"
EndProject
Project("{FAE04EC0-301F-11D3-BF4B-00C04F79EFBC}") = "08. SquareRoot", "08. SquareRoot\08. SquareRoot.csproj", "{C03ACC9F-6606-48DE-9F92-DA1B640B8E40}"
EndProject
Project("{FAE04EC0-301F-11D3-BF4B-00C04F79EFBC}") = "09. PrintSequence", "09. PrintSequence\09. PrintSequence.csproj", "{60B7AAC5-2992-480F-B59C-AA7AE8EAA653}"
EndProject
Project("{FAE04EC0-301F-11D3-BF4B-00C04F79EFBC}") = "10. ReformatCode", "10. ReformatCode\10. ReformatCode.csproj", "{9F043565-BC95-40CA-B433-B36AE7373974}"
EndProject
Project("{FAE04EC0-301F-11D3-BF4B-00C04F79EFBC}") = "14. CurrentDateTime", "14. CurrentDateTime\14. CurrentDateTime.csproj", "{513C796E-9906-4629-9B5F-EAE77989FE65}"
EndProject
Project("{FAE04EC0-301F-11D3-BF4B-00C04F79EFBC}") = "15. AgeCalculation", "15. AgeCalculation\15. AgeCalculation.csproj", "{22D70C29-7C5B-4127-84B2-5F3CA081A034}"
EndProject
Project("{FAE04EC0-301F-11D3-BF4B-00C04F79EFBC}") = "16. LongSequence", "16. LongSequence\16. LongSequence.csproj", "{460E2FCC-5ADF-4822-B4A4-E6BF7B7A3B7F}"
EndProject
Global
	GlobalSection(SolutionConfigurationPlatforms) = preSolution
		Debug|Any CPU = Debug|Any CPU
		Release|Any CPU = Release|Any CPU
	EndGlobalSection
	GlobalSection(ProjectConfigurationPlatforms) = postSolution
		{60A5708B-BF5F-4987-8196-B60CA7125A61}.Debug|Any CPU.ActiveCfg = Debug|Any CPU
		{60A5708B-BF5F-4987-8196-B60CA7125A61}.Debug|Any CPU.Build.0 = Debug|Any CPU
		{60A5708B-BF5F-4987-8196-B60CA7125A61}.Release|Any CPU.ActiveCfg = Release|Any CPU
		{60A5708B-BF5F-4987-8196-B60CA7125A61}.Release|Any CPU.Build.0 = Release|Any CPU
		{37C6B237-F3F0-431A-8B44-EBA71E6014C3}.Debug|Any CPU.ActiveCfg = Debug|Any CPU
		{37C6B237-F3F0-431A-8B44-EBA71E6014C3}.Debug|Any CPU.Build.0 = Debug|Any CPU
		{37C6B237-F3F0-431A-8B44-EBA71E6014C3}.Release|Any CPU.ActiveCfg = Release|Any CPU
		{37C6B237-F3F0-431A-8B44-EBA71E6014C3}.Release|Any CPU.Build.0 = Release|Any CPU
		{AA044C13-3FA3-4F92-927A-490E9FF3810F}.Debug|Any CPU.ActiveCfg = Debug|Any CPU
		{AA044C13-3FA3-4F92-927A-490E9FF3810F}.Debug|Any CPU.Build.0 = Debug|Any CPU
		{AA044C13-3FA3-4F92-927A-490E9FF3810F}.Release|Any CPU.ActiveCfg = Release|Any CPU
		{AA044C13-3FA3-4F92-927A-490E9FF3810F}.Release|Any CPU.Build.0 = Release|Any CPU
		{3D81042A-0DAF-4969-BC3C-B1E9848A7277}.Debug|Any CPU.ActiveCfg = Debug|Any CPU
		{3D81042A-0DAF-4969-BC3C-B1E9848A7277}.Debug|Any CPU.Build.0 = Debug|Any CPU
		{3D81042A-0DAF-4969-BC3C-B1E9848A7277}.Release|Any CPU.ActiveCfg = Release|Any CPU
		{3D81042A-0DAF-4969-BC3C-B1E9848A7277}.Release|Any CPU.Build.0 = Release|Any CPU
		{C03ACC9F-6606-48DE-9F92-DA1B640B8E40}.Debug|Any CPU.ActiveCfg = Debug|Any CPU
		{C03ACC9F-6606-48DE-9F92-DA1B640B8E40}.Debug|Any CPU.Build.0 = Debug|Any CPU
		{C03ACC9F-6606-48DE-9F92-DA1B640B8E40}.Release|Any CPU.ActiveCfg = Release|Any CPU
		{C03ACC9F-6606-48DE-9F92-DA1B640B8E40}.Release|Any CPU.Build.0 = Release|Any CPU
		{60B7AAC5-2992-480F-B59C-AA7AE8EAA653}.Debug|Any CPU.ActiveCfg = Debug|Any CPU
		{60B7AAC5-2992-480F-B59C-AA7AE8EAA653}.Debug|Any CPU.Build.0 = Debug|Any CPU
		{60B7AAC5-2992-480F-B59C-AA7AE8EAA653}.Release|Any CPU.ActiveCfg = Release|Any CPU
		{60B7AAC5-2992-480F-B59C-AA7AE8EAA653}.Release|Any CPU.Build.0 = Release|Any CPU
		{9F043565-BC95-40CA-B433-B36AE7373974}.Debug|Any CPU.ActiveCfg = Debug|Any CPU
		{9F043565-BC95-40CA-B433-B36AE7373974}.Debug|Any CPU.Build.0 = Debug|Any CPU
		{9F043565-BC95-40CA-B433-B36AE7373974}.Release|Any CPU.ActiveCfg = Release|Any CPU
		{9F043565-BC95-40CA-B433-B36AE7373974}.Release|Any CPU.Build.0 = Release|Any CPU
		{513C796E-9906-4629-9B5F-EAE77989FE65}.Debug|Any CPU.ActiveCfg = Debug|Any CPU
		{513C796E-9906-4629-9B5F-EAE77989FE65}.Debug|Any CPU.Build.0 = Debug|Any CPU
		{513C796E-9906-4629-9B5F-EAE77989FE65}.Release|Any CPU.ActiveCfg = Release|Any CPU
		{513C796E-9906-4629-9B5F-EAE77989FE65}.Release|Any CPU.Build.0 = Release|Any CPU
		{22D70C29-7C5B-4127-84B2-5F3CA081A034}.Debug|Any CPU.ActiveCfg = Debug|Any CPU
		{22D70C29-7C5B-4127-84B2-5F3CA081A034}.Debug|Any CPU.Build.0 = Debug|Any CPU
		{22D70C29-7C5B-4127-84B2-5F3CA081A034}.Release|Any CPU.ActiveCfg = Release|Any CPU
		{22D70C29-7C5B-4127-84B2-5F3CA081A034}.Release|Any CPU.Build.0 = Release|Any CPU
		{460E2FCC-5ADF-4822-B4A4-E6BF7B7A3B7F}.Debug|Any CPU.ActiveCfg = Debug|Any CPU
		{460E2FCC-5ADF-4822-B4A4-E6BF7B7A3B7F}.Debug|Any CPU.Build.0 = Debug|Any CPU
		{460E2FCC-5ADF-4822-B4A4-E6BF7B7A3B7F}.Release|Any CPU.ActiveCfg = Release|Any CPU
		{460E2FCC-5ADF-4822-B4A4-E6BF7B7A3B7F}.Release|Any CPU.Build.0 = Release|Any CPU
	EndGlobalSection
	GlobalSection(SolutionProperties) = preSolution
		HideSolutionNode = FALSE
	EndGlobalSection
EndGlobal
