
Microsoft Visual Studio Solution File, Format Version 12.00
# Visual Studio 2013
VisualStudioVersion = 12.0.30723.0
MinimumVisualStudioVersion = 10.0.40219.1
Project("{FAE04EC0-301F-11D3-BF4B-00C04F79EFBC}") = "01. NumbersFrom1ToN", "01. NumbersFrom1ToN\01. NumbersFrom1ToN.csproj", "{860FDF32-7A99-4F58-A7FA-49B225EDC8B1}"
EndProject
Project("{FAE04EC0-301F-11D3-BF4B-00C04F79EFBC}") = "02. NumbersNotDivisibleBy3And7", "02. NumbersNotDivisibleBy3And7\02. NumbersNotDivisibleBy3And7.csproj", "{5D6D61B0-4ACB-4E4E-8014-66F649EFD08A}"
EndProject
Project("{FAE04EC0-301F-11D3-BF4B-00C04F79EFBC}") = "03. MinMaxSumAndAverage", "03. MinMaxSumAndAverage\03. MinMaxSumAndAverage.csproj", "{099D44AC-30EE-4E52-B058-2BA25E14AC61}"
EndProject
Project("{FAE04EC0-301F-11D3-BF4B-00C04F79EFBC}") = "04. PrintADeckOf52Cards", "04. PrintADeckOf52Cards\04. PrintADeckOf52Cards.csproj", "{B2AB9E89-AE8B-4C6F-8F3C-0318FE2978A7}"
EndProject
Project("{FAE04EC0-301F-11D3-BF4B-00C04F79EFBC}") = "05. CalculateFactorial", "05. CalculateFactorial\05. CalculateFactorial.csproj", "{F7F9EFEC-D4AC-457F-96AE-8AA6C5DDC70A}"
EndProject
Project("{FAE04EC0-301F-11D3-BF4B-00C04F79EFBC}") = "06. CalculateN!DivK!", "06. CalculateN!DivK!\06. CalculateN!DivK!.csproj", "{1F11FAA0-409B-4DC0-BABD-5824D416D260}"
EndProject
Project("{FAE04EC0-301F-11D3-BF4B-00C04F79EFBC}") = "07. K-out-of-N", "07. K-out-of-N\07. K-out-of-N.csproj", "{92E07F1B-2E29-416D-9B0D-1940303F2995}"
EndProject
Project("{FAE04EC0-301F-11D3-BF4B-00C04F79EFBC}") = "08. CatalanNumbers", "08. CatalanNumbers\08. CatalanNumbers.csproj", "{A5484E95-F4BE-4A4C-B973-955489891473}"
EndProject
Project("{FAE04EC0-301F-11D3-BF4B-00C04F79EFBC}") = "09. MatrixOfNumbers", "09. MatrixOfNumbers\09. MatrixOfNumbers.csproj", "{92916B59-CE57-4C3C-8359-21FDC0734F51}"
EndProject
Project("{FAE04EC0-301F-11D3-BF4B-00C04F79EFBC}") = "10. OddAndEvenProduct", "10. OddAndEvenProduct\10. OddAndEvenProduct.csproj", "{E340AA5E-C575-4EA7-9856-E6DBB87E3744}"
EndProject
Project("{FAE04EC0-301F-11D3-BF4B-00C04F79EFBC}") = "11. RandomNumbers", "11. RandomNumbers\11. RandomNumbers.csproj", "{D8878887-262F-4C79-907B-C9C30914D90E}"
EndProject
Project("{FAE04EC0-301F-11D3-BF4B-00C04F79EFBC}") = "12. RandomizedNumbers", "12. RandomizedNumbers\12. RandomizedNumbers.csproj", "{311A3487-B849-4D1E-8497-6AEDCD391CB3}"
EndProject
Project("{FAE04EC0-301F-11D3-BF4B-00C04F79EFBC}") = "13. BinaryToDecimal", "13. BinaryToDecimal\13. BinaryToDecimal.csproj", "{5A4633BD-CE76-49ED-9184-808EF273560F}"
EndProject
Project("{FAE04EC0-301F-11D3-BF4B-00C04F79EFBC}") = "14. DecimalToBinary", "14. DecimalToBinary\14. DecimalToBinary.csproj", "{8191F3EA-0B5D-4BAA-AEFE-90F21FD1C4E2}"
EndProject
Project("{FAE04EC0-301F-11D3-BF4B-00C04F79EFBC}") = "15. HexadecimalToDecimal", "15. HexadecimalToDecimal\15. HexadecimalToDecimal.csproj", "{F60C0994-C9D5-4B3F-A9A6-03988744E49F}"
EndProject
Project("{FAE04EC0-301F-11D3-BF4B-00C04F79EFBC}") = "16. DecimalToHexadecimal", "16. DecimalToHexadecimal\16. DecimalToHexadecimal.csproj", "{7AD8244E-E46C-4816-A0D4-329A7A754619}"
EndProject
Project("{FAE04EC0-301F-11D3-BF4B-00C04F79EFBC}") = "17. CalculateGCD", "17. CalculateGCD\17. CalculateGCD.csproj", "{7008419E-1EE1-446E-8708-5B06ADDB74B6}"
EndProject
Project("{FAE04EC0-301F-11D3-BF4B-00C04F79EFBC}") = "18. TrailingZeroes", "18. TrailingZeroes\18. TrailingZeroes.csproj", "{454416DF-204F-4AAB-B6EB-6E9389115549}"
EndProject
Global
	GlobalSection(SolutionConfigurationPlatforms) = preSolution
		Debug|Any CPU = Debug|Any CPU
		Release|Any CPU = Release|Any CPU
	EndGlobalSection
	GlobalSection(ProjectConfigurationPlatforms) = postSolution
		{860FDF32-7A99-4F58-A7FA-49B225EDC8B1}.Debug|Any CPU.ActiveCfg = Debug|Any CPU
		{860FDF32-7A99-4F58-A7FA-49B225EDC8B1}.Debug|Any CPU.Build.0 = Debug|Any CPU
		{860FDF32-7A99-4F58-A7FA-49B225EDC8B1}.Release|Any CPU.ActiveCfg = Release|Any CPU
		{860FDF32-7A99-4F58-A7FA-49B225EDC8B1}.Release|Any CPU.Build.0 = Release|Any CPU
		{5D6D61B0-4ACB-4E4E-8014-66F649EFD08A}.Debug|Any CPU.ActiveCfg = Debug|Any CPU
		{5D6D61B0-4ACB-4E4E-8014-66F649EFD08A}.Debug|Any CPU.Build.0 = Debug|Any CPU
		{5D6D61B0-4ACB-4E4E-8014-66F649EFD08A}.Release|Any CPU.ActiveCfg = Release|Any CPU
		{5D6D61B0-4ACB-4E4E-8014-66F649EFD08A}.Release|Any CPU.Build.0 = Release|Any CPU
		{099D44AC-30EE-4E52-B058-2BA25E14AC61}.Debug|Any CPU.ActiveCfg = Debug|Any CPU
		{099D44AC-30EE-4E52-B058-2BA25E14AC61}.Debug|Any CPU.Build.0 = Debug|Any CPU
		{099D44AC-30EE-4E52-B058-2BA25E14AC61}.Release|Any CPU.ActiveCfg = Release|Any CPU
		{099D44AC-30EE-4E52-B058-2BA25E14AC61}.Release|Any CPU.Build.0 = Release|Any CPU
		{B2AB9E89-AE8B-4C6F-8F3C-0318FE2978A7}.Debug|Any CPU.ActiveCfg = Debug|Any CPU
		{B2AB9E89-AE8B-4C6F-8F3C-0318FE2978A7}.Debug|Any CPU.Build.0 = Debug|Any CPU
		{B2AB9E89-AE8B-4C6F-8F3C-0318FE2978A7}.Release|Any CPU.ActiveCfg = Release|Any CPU
		{B2AB9E89-AE8B-4C6F-8F3C-0318FE2978A7}.Release|Any CPU.Build.0 = Release|Any CPU
		{F7F9EFEC-D4AC-457F-96AE-8AA6C5DDC70A}.Debug|Any CPU.ActiveCfg = Debug|Any CPU
		{F7F9EFEC-D4AC-457F-96AE-8AA6C5DDC70A}.Debug|Any CPU.Build.0 = Debug|Any CPU
		{F7F9EFEC-D4AC-457F-96AE-8AA6C5DDC70A}.Release|Any CPU.ActiveCfg = Release|Any CPU
		{F7F9EFEC-D4AC-457F-96AE-8AA6C5DDC70A}.Release|Any CPU.Build.0 = Release|Any CPU
		{1F11FAA0-409B-4DC0-BABD-5824D416D260}.Debug|Any CPU.ActiveCfg = Debug|Any CPU
		{1F11FAA0-409B-4DC0-BABD-5824D416D260}.Debug|Any CPU.Build.0 = Debug|Any CPU
		{1F11FAA0-409B-4DC0-BABD-5824D416D260}.Release|Any CPU.ActiveCfg = Release|Any CPU
		{1F11FAA0-409B-4DC0-BABD-5824D416D260}.Release|Any CPU.Build.0 = Release|Any CPU
		{92E07F1B-2E29-416D-9B0D-1940303F2995}.Debug|Any CPU.ActiveCfg = Debug|Any CPU
		{92E07F1B-2E29-416D-9B0D-1940303F2995}.Debug|Any CPU.Build.0 = Debug|Any CPU
		{92E07F1B-2E29-416D-9B0D-1940303F2995}.Release|Any CPU.ActiveCfg = Release|Any CPU
		{92E07F1B-2E29-416D-9B0D-1940303F2995}.Release|Any CPU.Build.0 = Release|Any CPU
		{A5484E95-F4BE-4A4C-B973-955489891473}.Debug|Any CPU.ActiveCfg = Debug|Any CPU
		{A5484E95-F4BE-4A4C-B973-955489891473}.Debug|Any CPU.Build.0 = Debug|Any CPU
		{A5484E95-F4BE-4A4C-B973-955489891473}.Release|Any CPU.ActiveCfg = Release|Any CPU
		{A5484E95-F4BE-4A4C-B973-955489891473}.Release|Any CPU.Build.0 = Release|Any CPU
		{92916B59-CE57-4C3C-8359-21FDC0734F51}.Debug|Any CPU.ActiveCfg = Debug|Any CPU
		{92916B59-CE57-4C3C-8359-21FDC0734F51}.Debug|Any CPU.Build.0 = Debug|Any CPU
		{92916B59-CE57-4C3C-8359-21FDC0734F51}.Release|Any CPU.ActiveCfg = Release|Any CPU
		{92916B59-CE57-4C3C-8359-21FDC0734F51}.Release|Any CPU.Build.0 = Release|Any CPU
		{E340AA5E-C575-4EA7-9856-E6DBB87E3744}.Debug|Any CPU.ActiveCfg = Debug|Any CPU
		{E340AA5E-C575-4EA7-9856-E6DBB87E3744}.Debug|Any CPU.Build.0 = Debug|Any CPU
		{E340AA5E-C575-4EA7-9856-E6DBB87E3744}.Release|Any CPU.ActiveCfg = Release|Any CPU
		{E340AA5E-C575-4EA7-9856-E6DBB87E3744}.Release|Any CPU.Build.0 = Release|Any CPU
		{D8878887-262F-4C79-907B-C9C30914D90E}.Debug|Any CPU.ActiveCfg = Debug|Any CPU
		{D8878887-262F-4C79-907B-C9C30914D90E}.Debug|Any CPU.Build.0 = Debug|Any CPU
		{D8878887-262F-4C79-907B-C9C30914D90E}.Release|Any CPU.ActiveCfg = Release|Any CPU
		{D8878887-262F-4C79-907B-C9C30914D90E}.Release|Any CPU.Build.0 = Release|Any CPU
		{311A3487-B849-4D1E-8497-6AEDCD391CB3}.Debug|Any CPU.ActiveCfg = Debug|Any CPU
		{311A3487-B849-4D1E-8497-6AEDCD391CB3}.Debug|Any CPU.Build.0 = Debug|Any CPU
		{311A3487-B849-4D1E-8497-6AEDCD391CB3}.Release|Any CPU.ActiveCfg = Release|Any CPU
		{311A3487-B849-4D1E-8497-6AEDCD391CB3}.Release|Any CPU.Build.0 = Release|Any CPU
		{5A4633BD-CE76-49ED-9184-808EF273560F}.Debug|Any CPU.ActiveCfg = Debug|Any CPU
		{5A4633BD-CE76-49ED-9184-808EF273560F}.Debug|Any CPU.Build.0 = Debug|Any CPU
		{5A4633BD-CE76-49ED-9184-808EF273560F}.Release|Any CPU.ActiveCfg = Release|Any CPU
		{5A4633BD-CE76-49ED-9184-808EF273560F}.Release|Any CPU.Build.0 = Release|Any CPU
		{8191F3EA-0B5D-4BAA-AEFE-90F21FD1C4E2}.Debug|Any CPU.ActiveCfg = Debug|Any CPU
		{8191F3EA-0B5D-4BAA-AEFE-90F21FD1C4E2}.Debug|Any CPU.Build.0 = Debug|Any CPU
		{8191F3EA-0B5D-4BAA-AEFE-90F21FD1C4E2}.Release|Any CPU.ActiveCfg = Release|Any CPU
		{8191F3EA-0B5D-4BAA-AEFE-90F21FD1C4E2}.Release|Any CPU.Build.0 = Release|Any CPU
		{F60C0994-C9D5-4B3F-A9A6-03988744E49F}.Debug|Any CPU.ActiveCfg = Debug|Any CPU
		{F60C0994-C9D5-4B3F-A9A6-03988744E49F}.Debug|Any CPU.Build.0 = Debug|Any CPU
		{F60C0994-C9D5-4B3F-A9A6-03988744E49F}.Release|Any CPU.ActiveCfg = Release|Any CPU
		{F60C0994-C9D5-4B3F-A9A6-03988744E49F}.Release|Any CPU.Build.0 = Release|Any CPU
		{7AD8244E-E46C-4816-A0D4-329A7A754619}.Debug|Any CPU.ActiveCfg = Debug|Any CPU
		{7AD8244E-E46C-4816-A0D4-329A7A754619}.Debug|Any CPU.Build.0 = Debug|Any CPU
		{7AD8244E-E46C-4816-A0D4-329A7A754619}.Release|Any CPU.ActiveCfg = Release|Any CPU
		{7AD8244E-E46C-4816-A0D4-329A7A754619}.Release|Any CPU.Build.0 = Release|Any CPU
		{7008419E-1EE1-446E-8708-5B06ADDB74B6}.Debug|Any CPU.ActiveCfg = Debug|Any CPU
		{7008419E-1EE1-446E-8708-5B06ADDB74B6}.Debug|Any CPU.Build.0 = Debug|Any CPU
		{7008419E-1EE1-446E-8708-5B06ADDB74B6}.Release|Any CPU.ActiveCfg = Release|Any CPU
		{7008419E-1EE1-446E-8708-5B06ADDB74B6}.Release|Any CPU.Build.0 = Release|Any CPU
		{454416DF-204F-4AAB-B6EB-6E9389115549}.Debug|Any CPU.ActiveCfg = Debug|Any CPU
		{454416DF-204F-4AAB-B6EB-6E9389115549}.Debug|Any CPU.Build.0 = Debug|Any CPU
		{454416DF-204F-4AAB-B6EB-6E9389115549}.Release|Any CPU.ActiveCfg = Release|Any CPU
		{454416DF-204F-4AAB-B6EB-6E9389115549}.Release|Any CPU.Build.0 = Release|Any CPU
	EndGlobalSection
	GlobalSection(SolutionProperties) = preSolution
		HideSolutionNode = FALSE
	EndGlobalSection
EndGlobal
