
Microsoft Visual Studio Solution File, Format Version 12.00
# Visual Studio 2013
VisualStudioVersion = 12.0.30723.0
MinimumVisualStudioVersion = 10.0.40219.1
Project("{FAE04EC0-301F-11D3-BF4B-00C04F79EFBC}") = "01. DecimalToBinary", "01. DecimalToBinary\01. DecimalToBinary.csproj", "{D72DBCE8-447F-4ACB-BA6D-2C39E627D4A0}"
EndProject
Project("{FAE04EC0-301F-11D3-BF4B-00C04F79EFBC}") = "02. BinaryToDecimal", "02. BinaryToDecimal\02. BinaryToDecimal.csproj", "{77504953-8F2F-4B02-80F2-F95673A6C0AD}"
EndProject
Project("{FAE04EC0-301F-11D3-BF4B-00C04F79EFBC}") = "04. HexadecimalToDecimal", "04. HexadecimalToDecimal\04. HexadecimalToDecimal.csproj", "{A088DA67-2E7B-4431-8EFC-75506581B828}"
EndProject
Project("{FAE04EC0-301F-11D3-BF4B-00C04F79EFBC}") = "03. DecimalToHexadecimal", "03. DecimalToHexadecimal\03. DecimalToHexadecimal.csproj", "{E32DE830-BF1D-406E-A5C0-A48A5200F5EA}"
EndProject
Project("{FAE04EC0-301F-11D3-BF4B-00C04F79EFBC}") = "05. HexadecimalToBinary", "05. HexadecimalToBinary\05. HexadecimalToBinary.csproj", "{1AEDF15C-32C4-4E10-BFE6-EE9D16DC682F}"
EndProject
Project("{FAE04EC0-301F-11D3-BF4B-00C04F79EFBC}") = "06. BinaryToHexadecimal", "06. BinaryToHexadecimal\06. BinaryToHexadecimal.csproj", "{81823E80-DA9A-4FB9-9D73-238AABCBC4BF}"
EndProject
Project("{FAE04EC0-301F-11D3-BF4B-00C04F79EFBC}") = "07. OneSystemToAnyOther", "07. OneSystemToAnyOther\07. OneSystemToAnyOther.csproj", "{3CEAA13D-BD88-4437-9000-2585BE5FCD6C}"
EndProject
Global
	GlobalSection(SolutionConfigurationPlatforms) = preSolution
		Debug|Any CPU = Debug|Any CPU
		Release|Any CPU = Release|Any CPU
	EndGlobalSection
	GlobalSection(ProjectConfigurationPlatforms) = postSolution
		{D72DBCE8-447F-4ACB-BA6D-2C39E627D4A0}.Debug|Any CPU.ActiveCfg = Debug|Any CPU
		{D72DBCE8-447F-4ACB-BA6D-2C39E627D4A0}.Debug|Any CPU.Build.0 = Debug|Any CPU
		{D72DBCE8-447F-4ACB-BA6D-2C39E627D4A0}.Release|Any CPU.ActiveCfg = Release|Any CPU
		{D72DBCE8-447F-4ACB-BA6D-2C39E627D4A0}.Release|Any CPU.Build.0 = Release|Any CPU
		{77504953-8F2F-4B02-80F2-F95673A6C0AD}.Debug|Any CPU.ActiveCfg = Debug|Any CPU
		{77504953-8F2F-4B02-80F2-F95673A6C0AD}.Debug|Any CPU.Build.0 = Debug|Any CPU
		{77504953-8F2F-4B02-80F2-F95673A6C0AD}.Release|Any CPU.ActiveCfg = Release|Any CPU
		{77504953-8F2F-4B02-80F2-F95673A6C0AD}.Release|Any CPU.Build.0 = Release|Any CPU
		{A088DA67-2E7B-4431-8EFC-75506581B828}.Debug|Any CPU.ActiveCfg = Debug|Any CPU
		{A088DA67-2E7B-4431-8EFC-75506581B828}.Debug|Any CPU.Build.0 = Debug|Any CPU
		{A088DA67-2E7B-4431-8EFC-75506581B828}.Release|Any CPU.ActiveCfg = Release|Any CPU
		{A088DA67-2E7B-4431-8EFC-75506581B828}.Release|Any CPU.Build.0 = Release|Any CPU
		{E32DE830-BF1D-406E-A5C0-A48A5200F5EA}.Debug|Any CPU.ActiveCfg = Debug|Any CPU
		{E32DE830-BF1D-406E-A5C0-A48A5200F5EA}.Debug|Any CPU.Build.0 = Debug|Any CPU
		{E32DE830-BF1D-406E-A5C0-A48A5200F5EA}.Release|Any CPU.ActiveCfg = Release|Any CPU
		{E32DE830-BF1D-406E-A5C0-A48A5200F5EA}.Release|Any CPU.Build.0 = Release|Any CPU
		{1AEDF15C-32C4-4E10-BFE6-EE9D16DC682F}.Debug|Any CPU.ActiveCfg = Debug|Any CPU
		{1AEDF15C-32C4-4E10-BFE6-EE9D16DC682F}.Debug|Any CPU.Build.0 = Debug|Any CPU
		{1AEDF15C-32C4-4E10-BFE6-EE9D16DC682F}.Release|Any CPU.ActiveCfg = Release|Any CPU
		{1AEDF15C-32C4-4E10-BFE6-EE9D16DC682F}.Release|Any CPU.Build.0 = Release|Any CPU
		{81823E80-DA9A-4FB9-9D73-238AABCBC4BF}.Debug|Any CPU.ActiveCfg = Debug|Any CPU
		{81823E80-DA9A-4FB9-9D73-238AABCBC4BF}.Debug|Any CPU.Build.0 = Debug|Any CPU
		{81823E80-DA9A-4FB9-9D73-238AABCBC4BF}.Release|Any CPU.ActiveCfg = Release|Any CPU
		{81823E80-DA9A-4FB9-9D73-238AABCBC4BF}.Release|Any CPU.Build.0 = Release|Any CPU
		{3CEAA13D-BD88-4437-9000-2585BE5FCD6C}.Debug|Any CPU.ActiveCfg = Debug|Any CPU
		{3CEAA13D-BD88-4437-9000-2585BE5FCD6C}.Debug|Any CPU.Build.0 = Debug|Any CPU
		{3CEAA13D-BD88-4437-9000-2585BE5FCD6C}.Release|Any CPU.ActiveCfg = Release|Any CPU
		{3CEAA13D-BD88-4437-9000-2585BE5FCD6C}.Release|Any CPU.Build.0 = Release|Any CPU
	EndGlobalSection
	GlobalSection(SolutionProperties) = preSolution
		HideSolutionNode = FALSE
	EndGlobalSection
EndGlobal
