
Microsoft Visual Studio Solution File, Format Version 12.00
# Visual Studio 2013
VisualStudioVersion = 12.0.30723.0
MinimumVisualStudioVersion = 10.0.40219.1
Project("{FAE04EC0-301F-11D3-BF4B-00C04F79EFBC}") = "01. SquareRoot", "01. SquareRoot\01. SquareRoot.csproj", "{E36CEC05-DDE1-4231-AACE-FC60D8A5AE9D}"
EndProject
Project("{FAE04EC0-301F-11D3-BF4B-00C04F79EFBC}") = "02. EnterNumbers", "02. EnterNumbers\02. EnterNumbers.csproj", "{B62524E4-C065-479B-9B83-457567CA2851}"
EndProject
Project("{FAE04EC0-301F-11D3-BF4B-00C04F79EFBC}") = "03. ReadFileContents", "03. ReadFileContents\03. ReadFileContents.csproj", "{EC5039E7-DAAF-4E2B-81DA-DD982314FD03}"
EndProject
Project("{FAE04EC0-301F-11D3-BF4B-00C04F79EFBC}") = "04. DownloadFile", "04. DownloadFile\04. DownloadFile.csproj", "{7C7C9E37-A9F3-45E4-B608-7F758BDDDBFE}"
EndProject
Global
	GlobalSection(SolutionConfigurationPlatforms) = preSolution
		Debug|Any CPU = Debug|Any CPU
		Release|Any CPU = Release|Any CPU
	EndGlobalSection
	GlobalSection(ProjectConfigurationPlatforms) = postSolution
		{E36CEC05-DDE1-4231-AACE-FC60D8A5AE9D}.Debug|Any CPU.ActiveCfg = Debug|Any CPU
		{E36CEC05-DDE1-4231-AACE-FC60D8A5AE9D}.Debug|Any CPU.Build.0 = Debug|Any CPU
		{E36CEC05-DDE1-4231-AACE-FC60D8A5AE9D}.Release|Any CPU.ActiveCfg = Release|Any CPU
		{E36CEC05-DDE1-4231-AACE-FC60D8A5AE9D}.Release|Any CPU.Build.0 = Release|Any CPU
		{B62524E4-C065-479B-9B83-457567CA2851}.Debug|Any CPU.ActiveCfg = Debug|Any CPU
		{B62524E4-C065-479B-9B83-457567CA2851}.Debug|Any CPU.Build.0 = Debug|Any CPU
		{B62524E4-C065-479B-9B83-457567CA2851}.Release|Any CPU.ActiveCfg = Release|Any CPU
		{B62524E4-C065-479B-9B83-457567CA2851}.Release|Any CPU.Build.0 = Release|Any CPU
		{EC5039E7-DAAF-4E2B-81DA-DD982314FD03}.Debug|Any CPU.ActiveCfg = Debug|Any CPU
		{EC5039E7-DAAF-4E2B-81DA-DD982314FD03}.Debug|Any CPU.Build.0 = Debug|Any CPU
		{EC5039E7-DAAF-4E2B-81DA-DD982314FD03}.Release|Any CPU.ActiveCfg = Release|Any CPU
		{EC5039E7-DAAF-4E2B-81DA-DD982314FD03}.Release|Any CPU.Build.0 = Release|Any CPU
		{7C7C9E37-A9F3-45E4-B608-7F758BDDDBFE}.Debug|Any CPU.ActiveCfg = Debug|Any CPU
		{7C7C9E37-A9F3-45E4-B608-7F758BDDDBFE}.Debug|Any CPU.Build.0 = Debug|Any CPU
		{7C7C9E37-A9F3-45E4-B608-7F758BDDDBFE}.Release|Any CPU.ActiveCfg = Release|Any CPU
		{7C7C9E37-A9F3-45E4-B608-7F758BDDDBFE}.Release|Any CPU.Build.0 = Release|Any CPU
	EndGlobalSection
	GlobalSection(SolutionProperties) = preSolution
		HideSolutionNode = FALSE
	EndGlobalSection
EndGlobal
