
Microsoft Visual Studio Solution File, Format Version 12.00
# Visual Studio 2013
VisualStudioVersion = 12.0.30723.0
MinimumVisualStudioVersion = 10.0.40219.1
Project("{FAE04EC0-301F-11D3-BF4B-00C04F79EFBC}") = "01. LeapYear", "01. LeapYear\01. LeapYear.csproj", "{40131B0E-FF62-4E9F-A4EA-8FCBE7175DB7}"
EndProject
Project("{FAE04EC0-301F-11D3-BF4B-00C04F79EFBC}") = "02. RandomNumbers", "02. RandomNumbers\02. RandomNumbers.csproj", "{10C0834B-5B12-4359-AC74-7692001B57AB}"
EndProject
Project("{FAE04EC0-301F-11D3-BF4B-00C04F79EFBC}") = "03. DayOfWeek", "03. DayOfWeek\03. DayOfWeek.csproj", "{1DECA2F3-247C-427A-A630-C0D9ADDD0CCC}"
EndProject
Project("{FAE04EC0-301F-11D3-BF4B-00C04F79EFBC}") = "04. TriangleSurface", "04. TriangleSurface\04. TriangleSurface.csproj", "{21818DFD-6655-4C12-8785-B45905DA0E4A}"
EndProject
Project("{FAE04EC0-301F-11D3-BF4B-00C04F79EFBC}") = "05. Workdays", "05. Workdays\05. Workdays.csproj", "{653011F2-3AA0-442A-B548-3610F2B8A570}"
EndProject
Project("{FAE04EC0-301F-11D3-BF4B-00C04F79EFBC}") = "06. SumIntegers", "06. SumIntegers\06. SumIntegers.csproj", "{869DB925-5C13-4989-B030-EDEEC8A14F3A}"
EndProject
Global
	GlobalSection(SolutionConfigurationPlatforms) = preSolution
		Debug|Any CPU = Debug|Any CPU
		Release|Any CPU = Release|Any CPU
	EndGlobalSection
	GlobalSection(ProjectConfigurationPlatforms) = postSolution
		{40131B0E-FF62-4E9F-A4EA-8FCBE7175DB7}.Debug|Any CPU.ActiveCfg = Debug|Any CPU
		{40131B0E-FF62-4E9F-A4EA-8FCBE7175DB7}.Debug|Any CPU.Build.0 = Debug|Any CPU
		{40131B0E-FF62-4E9F-A4EA-8FCBE7175DB7}.Release|Any CPU.ActiveCfg = Release|Any CPU
		{40131B0E-FF62-4E9F-A4EA-8FCBE7175DB7}.Release|Any CPU.Build.0 = Release|Any CPU
		{10C0834B-5B12-4359-AC74-7692001B57AB}.Debug|Any CPU.ActiveCfg = Debug|Any CPU
		{10C0834B-5B12-4359-AC74-7692001B57AB}.Debug|Any CPU.Build.0 = Debug|Any CPU
		{10C0834B-5B12-4359-AC74-7692001B57AB}.Release|Any CPU.ActiveCfg = Release|Any CPU
		{10C0834B-5B12-4359-AC74-7692001B57AB}.Release|Any CPU.Build.0 = Release|Any CPU
		{1DECA2F3-247C-427A-A630-C0D9ADDD0CCC}.Debug|Any CPU.ActiveCfg = Debug|Any CPU
		{1DECA2F3-247C-427A-A630-C0D9ADDD0CCC}.Debug|Any CPU.Build.0 = Debug|Any CPU
		{1DECA2F3-247C-427A-A630-C0D9ADDD0CCC}.Release|Any CPU.ActiveCfg = Release|Any CPU
		{1DECA2F3-247C-427A-A630-C0D9ADDD0CCC}.Release|Any CPU.Build.0 = Release|Any CPU
		{21818DFD-6655-4C12-8785-B45905DA0E4A}.Debug|Any CPU.ActiveCfg = Debug|Any CPU
		{21818DFD-6655-4C12-8785-B45905DA0E4A}.Debug|Any CPU.Build.0 = Debug|Any CPU
		{21818DFD-6655-4C12-8785-B45905DA0E4A}.Release|Any CPU.ActiveCfg = Release|Any CPU
		{21818DFD-6655-4C12-8785-B45905DA0E4A}.Release|Any CPU.Build.0 = Release|Any CPU
		{653011F2-3AA0-442A-B548-3610F2B8A570}.Debug|Any CPU.ActiveCfg = Debug|Any CPU
		{653011F2-3AA0-442A-B548-3610F2B8A570}.Debug|Any CPU.Build.0 = Debug|Any CPU
		{653011F2-3AA0-442A-B548-3610F2B8A570}.Release|Any CPU.ActiveCfg = Release|Any CPU
		{653011F2-3AA0-442A-B548-3610F2B8A570}.Release|Any CPU.Build.0 = Release|Any CPU
		{869DB925-5C13-4989-B030-EDEEC8A14F3A}.Debug|Any CPU.ActiveCfg = Debug|Any CPU
		{869DB925-5C13-4989-B030-EDEEC8A14F3A}.Debug|Any CPU.Build.0 = Debug|Any CPU
		{869DB925-5C13-4989-B030-EDEEC8A14F3A}.Release|Any CPU.ActiveCfg = Release|Any CPU
		{869DB925-5C13-4989-B030-EDEEC8A14F3A}.Release|Any CPU.Build.0 = Release|Any CPU
	EndGlobalSection
	GlobalSection(SolutionProperties) = preSolution
		HideSolutionNode = FALSE
	EndGlobalSection
EndGlobal
